
Microsoft Visual Studio Solution File, Format Version 12.00
# Visual Studio Version 17
VisualStudioVersion = 17.6.33815.320
MinimumVisualStudioVersion = 10.0.40219.1
Project("{9A19103F-16F7-4668-BE54-9A1E7A4F7556}") = "PracticaBlazor", "PracticaBlazor\PracticaBlazor.csproj", "{C54C4FDB-A769-4AD6-B257-90FE1AD61206}"
EndProject
Global
	GlobalSection(SolutionConfigurationPlatforms) = preSolution
		Debug|Any CPU = Debug|Any CPU
		Release|Any CPU = Release|Any CPU
	EndGlobalSection
	GlobalSection(ProjectConfigurationPlatforms) = postSolution
		{C54C4FDB-A769-4AD6-B257-90FE1AD61206}.Debug|Any CPU.ActiveCfg = Debug|Any CPU
		{C54C4FDB-A769-4AD6-B257-90FE1AD61206}.Debug|Any CPU.Build.0 = Debug|Any CPU
		{C54C4FDB-A769-4AD6-B257-90FE1AD61206}.Release|Any CPU.ActiveCfg = Release|Any CPU
		{C54C4FDB-A769-4AD6-B257-90FE1AD61206}.Release|Any CPU.Build.0 = Release|Any CPU
	EndGlobalSection
	GlobalSection(SolutionProperties) = preSolution
		HideSolutionNode = FALSE
	EndGlobalSection
	GlobalSection(ExtensibilityGlobals) = postSolution
		SolutionGuid = {4131D42E-0B0B-4B3F-AAC4-940FE4CE11DA}
	EndGlobalSection
EndGlobal
